
Microsoft Visual Studio Solution File, Format Version 12.00
# Visual Studio Version 17
VisualStudioVersion = 17.9.34714.143
MinimumVisualStudioVersion = 10.0.40219.1
Project("{FAE04EC0-301F-11D3-BF4B-00C04F79EFBC}") = "MatchGame", "MatchGame\MatchGame.csproj", "{524E36F3-85ED-42F6-99D7-62AF55F98FD9}"
EndProject
Global
	GlobalSection(SolutionConfigurationPlatforms) = preSolution
		Debug|Any CPU = Debug|Any CPU
		Release|Any CPU = Release|Any CPU
	EndGlobalSection
	GlobalSection(ProjectConfigurationPlatforms) = postSolution
		{524E36F3-85ED-42F6-99D7-62AF55F98FD9}.Debug|Any CPU.ActiveCfg = Debug|Any CPU
		{524E36F3-85ED-42F6-99D7-62AF55F98FD9}.Debug|Any CPU.Build.0 = Debug|Any CPU
		{524E36F3-85ED-42F6-99D7-62AF55F98FD9}.Release|Any CPU.ActiveCfg = Release|Any CPU
		{524E36F3-85ED-42F6-99D7-62AF55F98FD9}.Release|Any CPU.Build.0 = Release|Any CPU
	EndGlobalSection
	GlobalSection(SolutionProperties) = preSolution
		HideSolutionNode = FALSE
	EndGlobalSection
	GlobalSection(ExtensibilityGlobals) = postSolution
		SolutionGuid = {E571F28D-F010-4F8E-99E6-187C7F5D8751}
	EndGlobalSection
EndGlobal
